
Microsoft Visual Studio Solution File, Format Version 12.00
# Visual Studio 2012
Project("{8BC9CEB8-8B4A-11D0-8D11-00A0C91BC942}") = "pyDRMSampling", "pyDRMSampling\pyDRMSampling.vcxproj", "{B3A8D055-BD10-4C09-8E8A-56FD63D4C603}"
EndProject
Project("{2150E333-8FDC-42A3-9474-1A3956D46DE8}") = "Solution Items", "Solution Items", "{69DD361B-ECF8-4D8C-9B02-8AEA0F5E302B}"
EndProject
Global
	GlobalSection(SolutionConfigurationPlatforms) = preSolution
		Debug|Win32 = Debug|Win32
		Release|Win32 = Release|Win32
	EndGlobalSection
	GlobalSection(ProjectConfigurationPlatforms) = postSolution
		{B3A8D055-BD10-4C09-8E8A-56FD63D4C603}.Debug|Win32.ActiveCfg = Debug|Win32
		{B3A8D055-BD10-4C09-8E8A-56FD63D4C603}.Debug|Win32.Build.0 = Debug|Win32
		{B3A8D055-BD10-4C09-8E8A-56FD63D4C603}.Release|Win32.ActiveCfg = Release|Win32
		{B3A8D055-BD10-4C09-8E8A-56FD63D4C603}.Release|Win32.Build.0 = Release|Win32
	EndGlobalSection
	GlobalSection(SolutionProperties) = preSolution
		HideSolutionNode = FALSE
	EndGlobalSection
EndGlobal
