<?xml version="1.0" encoding="utf-8"?>
<Project ToolsVersion="4.0" xmlns="http://schemas.microsoft.com/developer/msbuild/2003">
  <ItemGroup>
    <Filter Include="Source Files">
      <UniqueIdentifier>{4FC737F1-C7A5-4376-A066-2A32D752A2FF}</UniqueIdentifier>
      <Extensions>cpp;c;cc;cxx;def;odl;idl;hpj;bat;asm;asmx</Extensions>
    </Filter>
    <Filter Include="Header Files">
      <UniqueIdentifier>{93995380-89BD-4b04-88EB-625FBE52EBFB}</UniqueIdentifier>
      <Extensions>h;hpp;hxx;hm;inl;inc;xsd</Extensions>
    </Filter>
    <Filter Include="Resource Files">
      <UniqueIdentifier>{67DA6AB6-F800-4c08-8B7A-83BB121AAD01}</UniqueIdentifier>
      <Extensions>rc;ico;cur;bmp;dlg;rc2;rct;bin;rgs;gif;jpg;jpeg;jpe;resx;tiff;tif;png;wav;mfcribbon-ms</Extensions>
    </Filter>
  </ItemGroup>
  <ItemGroup>
    <ClCompile Include="pyDRMTraining.cpp">
      <Filter>Source Files</Filter>
    </ClCompile>
    <ClCompile Include="AnnIpopt.cpp">
      <Filter>Source Files</Filter>
    </ClCompile>
    <ClCompile Include="Dabnet.cpp">
      <Filter>Source Files</Filter>
    </ClCompile>
    <ClCompile Include="DABNetInput.cpp">
      <Filter>Source Files</Filter>
    </ClCompile>
    <ClCompile Include="DataCollection.cpp">
      <Filter>Source Files</Filter>
    </ClCompile>
    <ClCompile Include="DRMContainer.cpp">
      <Filter>Source Files</Filter>
    </ClCompile>
    <ClCompile Include="LaguerreStateSpace.cpp">
      <Filter>Source Files</Filter>
    </ClCompile>
    <ClCompile Include="Matrix.cpp">
      <Filter>Source Files</Filter>
    </ClCompile>
    <ClCompile Include="Narma.cpp">
      <Filter>Source Files</Filter>
    </ClCompile>
    <ClCompile Include="NeuralNetwork.cpp">
      <Filter>Source Files</Filter>
    </ClCompile>
    <ClCompile Include="ObjectiveFunction.cpp">
      <Filter>Source Files</Filter>
    </ClCompile>
    <ClCompile Include="Simplex.cpp">
      <Filter>Source Files</Filter>
    </ClCompile>
    <ClCompile Include="StateSpace.cpp">
      <Filter>Source Files</Filter>
    </ClCompile>
  </ItemGroup>
  <ItemGroup>
    <ClInclude Include="AnnIpopt.h">
      <Filter>Header Files</Filter>
    </ClInclude>
    <ClInclude Include="CCSI.h">
      <Filter>Header Files</Filter>
    </ClInclude>
    <ClInclude Include="Dabnet.h">
      <Filter>Header Files</Filter>
    </ClInclude>
    <ClInclude Include="DabnetInput.h">
      <Filter>Header Files</Filter>
    </ClInclude>
    <ClInclude Include="DataCollection.h">
      <Filter>Header Files</Filter>
    </ClInclude>
    <ClInclude Include="DRMContainer.h">
      <Filter>Header Files</Filter>
    </ClInclude>
    <ClInclude Include="LaguerreStateSpace.h">
      <Filter>Header Files</Filter>
    </ClInclude>
    <ClInclude Include="Matrix.h">
      <Filter>Header Files</Filter>
    </ClInclude>
    <ClInclude Include="Narma.h">
      <Filter>Header Files</Filter>
    </ClInclude>
    <ClInclude Include="NeuralNetwork.h">
      <Filter>Header Files</Filter>
    </ClInclude>
    <ClInclude Include="ObjectiveFunction.h">
      <Filter>Header Files</Filter>
    </ClInclude>
    <ClInclude Include="Simplex.h">
      <Filter>Header Files</Filter>
    </ClInclude>
    <ClInclude Include="StateSpace.h">
      <Filter>Header Files</Filter>
    </ClInclude>
  </ItemGroup>
</Project>